
Microsoft Visual Studio Solution File, Format Version 12.00
# Visual Studio Version 17
VisualStudioVersion = 17.7.34009.444
MinimumVisualStudioVersion = 10.0.40219.1
Project("{9A19103F-16F7-4668-BE54-9A1E7A4F7556}") = "Ray", "Ray\Ray.csproj", "{F6482587-DAE2-422A-A9A2-BF7E70F278F9}"
EndProject
Global
	GlobalSection(SolutionConfigurationPlatforms) = preSolution
		Debug|Any CPU = Debug|Any CPU
		Release|Any CPU = Release|Any CPU
	EndGlobalSection
	GlobalSection(ProjectConfigurationPlatforms) = postSolution
		{F6482587-DAE2-422A-A9A2-BF7E70F278F9}.Debug|Any CPU.ActiveCfg = Debug|Any CPU
		{F6482587-DAE2-422A-A9A2-BF7E70F278F9}.Debug|Any CPU.Build.0 = Debug|Any CPU
		{F6482587-DAE2-422A-A9A2-BF7E70F278F9}.Release|Any CPU.ActiveCfg = Release|Any CPU
		{F6482587-DAE2-422A-A9A2-BF7E70F278F9}.Release|Any CPU.Build.0 = Release|Any CPU
	EndGlobalSection
	GlobalSection(SolutionProperties) = preSolution
		HideSolutionNode = FALSE
	EndGlobalSection
	GlobalSection(ExtensibilityGlobals) = postSolution
		SolutionGuid = {5624BC03-D19D-45F6-AFD4-1973D19AC4F5}
	EndGlobalSection
EndGlobal
