
Microsoft Visual Studio Solution File, Format Version 12.00
# Visual Studio Version 17
VisualStudioVersion = 17.5.33414.496
MinimumVisualStudioVersion = 10.0.40219.1
Project("{FAE04EC0-301F-11D3-BF4B-00C04F79EFBC}") = "WpfApp1", "WpfApp1\WpfApp1.csproj", "{6040CFBE-01BA-4EA4-A6F3-94192266AF46}"
EndProject
Global
	GlobalSection(SolutionConfigurationPlatforms) = preSolution
		Debug|Any CPU = Debug|Any CPU
		Release|Any CPU = Release|Any CPU
	EndGlobalSection
	GlobalSection(ProjectConfigurationPlatforms) = postSolution
		{6040CFBE-01BA-4EA4-A6F3-94192266AF46}.Debug|Any CPU.ActiveCfg = Debug|Any CPU
		{6040CFBE-01BA-4EA4-A6F3-94192266AF46}.Debug|Any CPU.Build.0 = Debug|Any CPU
		{6040CFBE-01BA-4EA4-A6F3-94192266AF46}.Release|Any CPU.ActiveCfg = Release|Any CPU
		{6040CFBE-01BA-4EA4-A6F3-94192266AF46}.Release|Any CPU.Build.0 = Release|Any CPU
	EndGlobalSection
	GlobalSection(SolutionProperties) = preSolution
		HideSolutionNode = FALSE
	EndGlobalSection
	GlobalSection(ExtensibilityGlobals) = postSolution
		SolutionGuid = {B7CCD5EB-26A9-4202-BBC3-27FBAC441C29}
	EndGlobalSection
EndGlobal
