
Microsoft Visual Studio Solution File, Format Version 12.00
# Visual Studio Version 17
VisualStudioVersion = 17.5.33414.496
MinimumVisualStudioVersion = 10.0.40219.1
Project("{FAE04EC0-301F-11D3-BF4B-00C04F79EFBC}") = "WindowsFormsApp", "WindowsFormsApp\WindowsFormsApp.csproj", "{856523C4-4D52-4BE8-87C7-C5A045FB8C15}"
EndProject
Global
	GlobalSection(SolutionConfigurationPlatforms) = preSolution
		Debug|Any CPU = Debug|Any CPU
		Release|Any CPU = Release|Any CPU
	EndGlobalSection
	GlobalSection(ProjectConfigurationPlatforms) = postSolution
		{856523C4-4D52-4BE8-87C7-C5A045FB8C15}.Debug|Any CPU.ActiveCfg = Debug|Any CPU
		{856523C4-4D52-4BE8-87C7-C5A045FB8C15}.Debug|Any CPU.Build.0 = Debug|Any CPU
		{856523C4-4D52-4BE8-87C7-C5A045FB8C15}.Release|Any CPU.ActiveCfg = Release|Any CPU
		{856523C4-4D52-4BE8-87C7-C5A045FB8C15}.Release|Any CPU.Build.0 = Release|Any CPU
	EndGlobalSection
	GlobalSection(SolutionProperties) = preSolution
		HideSolutionNode = FALSE
	EndGlobalSection
	GlobalSection(ExtensibilityGlobals) = postSolution
		SolutionGuid = {F558AEE6-002B-414C-991C-24181E65C249}
	EndGlobalSection
EndGlobal
