
Microsoft Visual Studio Solution File, Format Version 12.00
# Visual Studio Version 17
VisualStudioVersion = 17.8.34408.163
MinimumVisualStudioVersion = 10.0.40219.1
Project("{FAE04EC0-301F-11D3-BF4B-00C04F79EFBC}") = "Text Editor", "Text Editor\Text Editor.csproj", "{FF896BB0-C876-4E50-A20E-B8361F650F99}"
EndProject
Global
	GlobalSection(SolutionConfigurationPlatforms) = preSolution
		Debug|Any CPU = Debug|Any CPU
		Release|Any CPU = Release|Any CPU
	EndGlobalSection
	GlobalSection(ProjectConfigurationPlatforms) = postSolution
		{FF896BB0-C876-4E50-A20E-B8361F650F99}.Debug|Any CPU.ActiveCfg = Debug|Any CPU
		{FF896BB0-C876-4E50-A20E-B8361F650F99}.Debug|Any CPU.Build.0 = Debug|Any CPU
		{FF896BB0-C876-4E50-A20E-B8361F650F99}.Release|Any CPU.ActiveCfg = Release|Any CPU
		{FF896BB0-C876-4E50-A20E-B8361F650F99}.Release|Any CPU.Build.0 = Release|Any CPU
	EndGlobalSection
	GlobalSection(SolutionProperties) = preSolution
		HideSolutionNode = FALSE
	EndGlobalSection
	GlobalSection(ExtensibilityGlobals) = postSolution
		SolutionGuid = {56215DF1-2D9B-4975-B159-D175487BF75E}
	EndGlobalSection
EndGlobal
