
Microsoft Visual Studio Solution File, Format Version 12.00
# Visual Studio Version 17
VisualStudioVersion = 17.5.33414.496
MinimumVisualStudioVersion = 10.0.40219.1
Project("{FAE04EC0-301F-11D3-BF4B-00C04F79EFBC}") = "Safe", "Safe\Safe.csproj", "{55FB9FB9-3A42-4DB9-8D54-DB1DFBEBDFC0}"
EndProject
Global
	GlobalSection(SolutionConfigurationPlatforms) = preSolution
		Debug|Any CPU = Debug|Any CPU
		Release|Any CPU = Release|Any CPU
	EndGlobalSection
	GlobalSection(ProjectConfigurationPlatforms) = postSolution
		{55FB9FB9-3A42-4DB9-8D54-DB1DFBEBDFC0}.Debug|Any CPU.ActiveCfg = Debug|Any CPU
		{55FB9FB9-3A42-4DB9-8D54-DB1DFBEBDFC0}.Debug|Any CPU.Build.0 = Debug|Any CPU
		{55FB9FB9-3A42-4DB9-8D54-DB1DFBEBDFC0}.Release|Any CPU.ActiveCfg = Release|Any CPU
		{55FB9FB9-3A42-4DB9-8D54-DB1DFBEBDFC0}.Release|Any CPU.Build.0 = Release|Any CPU
	EndGlobalSection
	GlobalSection(SolutionProperties) = preSolution
		HideSolutionNode = FALSE
	EndGlobalSection
	GlobalSection(ExtensibilityGlobals) = postSolution
		SolutionGuid = {83D27715-13E3-476A-94D1-06EAAB54A9FF}
	EndGlobalSection
EndGlobal
